
Microsoft Visual Studio Solution File, Format Version 12.00
# Visual Studio 15
Project("{FAE04EC0-301F-11D3-BF4B-00C04F79EFBC}") = "Mocha.Web", "Libraries\Mocha.Web\Mocha.Web.csproj", "{53D2CDA0-7CE3-4D80-90EC-30D8D15344BC}"
EndProject
Project("{FAE04EC0-301F-11D3-BF4B-00C04F79EFBC}") = "Mocha.Compiler", "Applications\Mocha.Compiler\Mocha.Compiler.csproj", "{64612D17-84D9-4437-BA38-230CB1C40976}"
EndProject
Project("{FAE04EC0-301F-11D3-BF4B-00C04F79EFBC}") = "MBS.Web.Plugins.Less", "..\MBS.Web\Plugins\MBS.Web.Plugins.Less\MBS.Web.Plugins.Less.csproj", "{C37BE4CF-CFB6-4A7B-8CAE-6EE21E37D2FD}"
EndProject
Project("{FAE04EC0-301F-11D3-BF4B-00C04F79EFBC}") = "Mocha", "Libraries\Mocha\Mocha.csproj", "{AD8C4CDD-88A7-4466-8837-2072BA33E4A3}"
EndProject
Project("{2150E333-8FDC-42A3-9474-1A3956D46DE8}") = "Dependencies", "Dependencies", "{91513C82-4808-4CD2-9B9D-5E4A38A7046A}"
EndProject
Project("{FAE04EC0-301F-11D3-BF4B-00C04F79EFBC}") = "UniversalEditor.Core", "..\UniversalEditor\CSharp\Libraries\UniversalEditor.Core\UniversalEditor.Core.csproj", "{2D4737E6-6D95-408A-90DB-8DFF38147E85}"
EndProject
Project("{FAE04EC0-301F-11D3-BF4B-00C04F79EFBC}") = "UniversalEditor.Essential", "..\UniversalEditor\CSharp\Libraries\UniversalEditor.Essential\UniversalEditor.Essential.csproj", "{30467E5C-05BC-4856-AADC-13906EF4CADD}"
EndProject
Project("{2150E333-8FDC-42A3-9474-1A3956D46DE8}") = "Applications", "Applications", "{2DEA6384-AD21-418E-8F7F-FA43DD7FC66F}"
EndProject
Project("{2150E333-8FDC-42A3-9474-1A3956D46DE8}") = "Libraries", "Libraries", "{FDB62262-8257-4662-8FA9-59AB3617262C}"
EndProject
Project("{FAE04EC0-301F-11D3-BF4B-00C04F79EFBC}") = "Mocha.OMS.ConsoleApplication", "Applications\Mocha.OMS.ConsoleApplication\Mocha.OMS.ConsoleApplication.csproj", "{7EEEF733-FF22-47C2-A2D4-0EB6CAC78343}"
EndProject
Project("{FAE04EC0-301F-11D3-BF4B-00C04F79EFBC}") = "Mocha.OMS", "Libraries\Mocha.OMS\Mocha.OMS.csproj", "{8588928F-2868-4248-8993-533307A05C0C}"
EndProject
Project("{FAE04EC0-301F-11D3-BF4B-00C04F79EFBC}") = "Mocha.Storage", "Libraries\Mocha.Storage\Mocha.Storage.csproj", "{C9A3AE1D-0658-4A70-BC48-9D8DEF9C205B}"
EndProject
Project("{FAE04EC0-301F-11D3-BF4B-00C04F79EFBC}") = "Mocha.Storage.Local", "Libraries\Mocha.Storage.Local\Mocha.Storage.Local.csproj", "{A4B8D6D8-3365-49FC-8123-58B3749A5427}"
EndProject
Project("{2150E333-8FDC-42A3-9474-1A3956D46DE8}") = "MBS.Networking", "MBS.Networking", "{355EB228-A8EE-414F-8D03-3CDE53C82CDC}"
EndProject
Project("{2150E333-8FDC-42A3-9474-1A3956D46DE8}") = "MBS.Web", "MBS.Web", "{13A7A193-D381-4F8A-A8C7-D449A063CE84}"
EndProject
Project("{2150E333-8FDC-42A3-9474-1A3956D46DE8}") = "MBS.Framework", "MBS.Framework", "{C8B98F11-9AC5-45B8-9EC2-D012B28BD2D6}"
EndProject
Project("{2150E333-8FDC-42A3-9474-1A3956D46DE8}") = "MBS.Editor", "MBS.Editor", "{3A7CF8E5-3FCF-4784-95D6-A364D1730386}"
EndProject
Project("{FAE04EC0-301F-11D3-BF4B-00C04F79EFBC}") = "MBS.Networking.Plugins.HyperTextTransfer", "..\MBS.Networking\Plugins\MBS.Networking.Plugins.HyperTextTransfer\MBS.Networking.Plugins.HyperTextTransfer.csproj", "{5743EE32-F3ED-4162-A0E3-B105503BF139}"
EndProject
Project("{FAE04EC0-301F-11D3-BF4B-00C04F79EFBC}") = "MBS.Networking", "..\MBS.Networking\Libraries\MBS.Networking\MBS.Networking.csproj", "{DBD65B3F-81C8-4E44-B268-3FAB3B12AA1E}"
EndProject
Project("{2150E333-8FDC-42A3-9474-1A3956D46DE8}") = "Content", "Content", "{3926B6F0-3450-4CBB-B3C9-38F5AEF51B82}"
EndProject
Project("{9344BDBB-3E7F-41FC-A0DD-8665D75EE146}") = "Mocha.Content.PlatformIndependent", "Content\Mocha.Content.PlatformIndependent\Mocha.Content.PlatformIndependent.mdproj", "{00905B9B-20C4-4079-BE80-EB9F6B59E255}"
EndProject
Project("{FAE04EC0-301F-11D3-BF4B-00C04F79EFBC}") = "Mocha.Web.Configuration", "Libraries\Mocha.Web.Configuration\Mocha.Web.Configuration.csproj", "{F6598243-00B2-445E-8B1A-CC0EC9003459}"
EndProject
Project("{FAE04EC0-301F-11D3-BF4B-00C04F79EFBC}") = "MBS.Framework", "..\MBS.Framework\MBS.Framework\MBS.Framework.csproj", "{00266B21-35C9-4A7F-A6BA-D54D7FDCC25C}"
EndProject
Project("{FAE04EC0-301F-11D3-BF4B-00C04F79EFBC}") = "MBS.Framework.CLI", "..\MBS.Framework\MBS.Framework.CLI\MBS.Framework.CLI.csproj", "{DA900843-92F7-49A5-AE16-A27658AA2F3C}"
EndProject
Project("{FAE04EC0-301F-11D3-BF4B-00C04F79EFBC}") = "MBS.Web", "..\MBS.Web\Libraries\MBS.Web\MBS.Web.csproj", "{D30649B8-EAF2-4D4D-968F-A7C65572F7FA}"
EndProject
Project("{FAE04EC0-301F-11D3-BF4B-00C04F79EFBC}") = "MBS.Web.Controls", "..\MBS.Web\Libraries\MBS.Web.Controls\MBS.Web.Controls.csproj", "{99886629-32B3-46D3-9094-6445A33FCFA9}"
EndProject
Global
	GlobalSection(SolutionConfigurationPlatforms) = preSolution
		Debug|Any CPU = Debug|Any CPU
		Release|Any CPU = Release|Any CPU
		Default|Any CPU = Default|Any CPU
	EndGlobalSection
	GlobalSection(ProjectConfigurationPlatforms) = postSolution
		{53D2CDA0-7CE3-4D80-90EC-30D8D15344BC}.Debug|Any CPU.ActiveCfg = Debug|Any CPU
		{53D2CDA0-7CE3-4D80-90EC-30D8D15344BC}.Debug|Any CPU.Build.0 = Debug|Any CPU
		{53D2CDA0-7CE3-4D80-90EC-30D8D15344BC}.Release|Any CPU.ActiveCfg = Release|Any CPU
		{53D2CDA0-7CE3-4D80-90EC-30D8D15344BC}.Release|Any CPU.Build.0 = Release|Any CPU
		{53D2CDA0-7CE3-4D80-90EC-30D8D15344BC}.Default|Any CPU.ActiveCfg = Debug|Any CPU
		{53D2CDA0-7CE3-4D80-90EC-30D8D15344BC}.Default|Any CPU.Build.0 = Debug|Any CPU
		{64612D17-84D9-4437-BA38-230CB1C40976}.Debug|Any CPU.ActiveCfg = Debug|Any CPU
		{64612D17-84D9-4437-BA38-230CB1C40976}.Debug|Any CPU.Build.0 = Debug|Any CPU
		{64612D17-84D9-4437-BA38-230CB1C40976}.Release|Any CPU.ActiveCfg = Release|Any CPU
		{64612D17-84D9-4437-BA38-230CB1C40976}.Release|Any CPU.Build.0 = Release|Any CPU
		{64612D17-84D9-4437-BA38-230CB1C40976}.Default|Any CPU.ActiveCfg = Debug|Any CPU
		{64612D17-84D9-4437-BA38-230CB1C40976}.Default|Any CPU.Build.0 = Debug|Any CPU
		{C37BE4CF-CFB6-4A7B-8CAE-6EE21E37D2FD}.Debug|Any CPU.ActiveCfg = Debug|Any CPU
		{C37BE4CF-CFB6-4A7B-8CAE-6EE21E37D2FD}.Debug|Any CPU.Build.0 = Debug|Any CPU
		{C37BE4CF-CFB6-4A7B-8CAE-6EE21E37D2FD}.Release|Any CPU.ActiveCfg = Release|Any CPU
		{C37BE4CF-CFB6-4A7B-8CAE-6EE21E37D2FD}.Release|Any CPU.Build.0 = Release|Any CPU
		{C37BE4CF-CFB6-4A7B-8CAE-6EE21E37D2FD}.Default|Any CPU.ActiveCfg = Debug|Any CPU
		{C37BE4CF-CFB6-4A7B-8CAE-6EE21E37D2FD}.Default|Any CPU.Build.0 = Debug|Any CPU
		{AD8C4CDD-88A7-4466-8837-2072BA33E4A3}.Debug|Any CPU.ActiveCfg = Debug|Any CPU
		{AD8C4CDD-88A7-4466-8837-2072BA33E4A3}.Debug|Any CPU.Build.0 = Debug|Any CPU
		{AD8C4CDD-88A7-4466-8837-2072BA33E4A3}.Release|Any CPU.ActiveCfg = Release|Any CPU
		{AD8C4CDD-88A7-4466-8837-2072BA33E4A3}.Release|Any CPU.Build.0 = Release|Any CPU
		{AD8C4CDD-88A7-4466-8837-2072BA33E4A3}.Default|Any CPU.ActiveCfg = Debug|Any CPU
		{AD8C4CDD-88A7-4466-8837-2072BA33E4A3}.Default|Any CPU.Build.0 = Debug|Any CPU
		{2D4737E6-6D95-408A-90DB-8DFF38147E85}.Debug|Any CPU.ActiveCfg = Debug|Any CPU
		{2D4737E6-6D95-408A-90DB-8DFF38147E85}.Debug|Any CPU.Build.0 = Debug|Any CPU
		{2D4737E6-6D95-408A-90DB-8DFF38147E85}.Release|Any CPU.ActiveCfg = Release|Any CPU
		{2D4737E6-6D95-408A-90DB-8DFF38147E85}.Release|Any CPU.Build.0 = Release|Any CPU
		{2D4737E6-6D95-408A-90DB-8DFF38147E85}.Default|Any CPU.ActiveCfg = Debug|Any CPU
		{2D4737E6-6D95-408A-90DB-8DFF38147E85}.Default|Any CPU.Build.0 = Debug|Any CPU
		{30467E5C-05BC-4856-AADC-13906EF4CADD}.Debug|Any CPU.ActiveCfg = Debug|Any CPU
		{30467E5C-05BC-4856-AADC-13906EF4CADD}.Debug|Any CPU.Build.0 = Debug|Any CPU
		{30467E5C-05BC-4856-AADC-13906EF4CADD}.Release|Any CPU.ActiveCfg = Release|Any CPU
		{30467E5C-05BC-4856-AADC-13906EF4CADD}.Release|Any CPU.Build.0 = Release|Any CPU
		{30467E5C-05BC-4856-AADC-13906EF4CADD}.Default|Any CPU.ActiveCfg = Debug|Any CPU
		{30467E5C-05BC-4856-AADC-13906EF4CADD}.Default|Any CPU.Build.0 = Debug|Any CPU
		{7EEEF733-FF22-47C2-A2D4-0EB6CAC78343}.Debug|Any CPU.ActiveCfg = Debug|Any CPU
		{7EEEF733-FF22-47C2-A2D4-0EB6CAC78343}.Debug|Any CPU.Build.0 = Debug|Any CPU
		{7EEEF733-FF22-47C2-A2D4-0EB6CAC78343}.Release|Any CPU.ActiveCfg = Release|Any CPU
		{7EEEF733-FF22-47C2-A2D4-0EB6CAC78343}.Release|Any CPU.Build.0 = Release|Any CPU
		{7EEEF733-FF22-47C2-A2D4-0EB6CAC78343}.Default|Any CPU.ActiveCfg = Debug|Any CPU
		{7EEEF733-FF22-47C2-A2D4-0EB6CAC78343}.Default|Any CPU.Build.0 = Debug|Any CPU
		{8588928F-2868-4248-8993-533307A05C0C}.Debug|Any CPU.ActiveCfg = Debug|Any CPU
		{8588928F-2868-4248-8993-533307A05C0C}.Debug|Any CPU.Build.0 = Debug|Any CPU
		{8588928F-2868-4248-8993-533307A05C0C}.Release|Any CPU.ActiveCfg = Release|Any CPU
		{8588928F-2868-4248-8993-533307A05C0C}.Release|Any CPU.Build.0 = Release|Any CPU
		{8588928F-2868-4248-8993-533307A05C0C}.Default|Any CPU.ActiveCfg = Debug|Any CPU
		{8588928F-2868-4248-8993-533307A05C0C}.Default|Any CPU.Build.0 = Debug|Any CPU
		{C9A3AE1D-0658-4A70-BC48-9D8DEF9C205B}.Debug|Any CPU.ActiveCfg = Debug|Any CPU
		{C9A3AE1D-0658-4A70-BC48-9D8DEF9C205B}.Debug|Any CPU.Build.0 = Debug|Any CPU
		{C9A3AE1D-0658-4A70-BC48-9D8DEF9C205B}.Release|Any CPU.ActiveCfg = Release|Any CPU
		{C9A3AE1D-0658-4A70-BC48-9D8DEF9C205B}.Release|Any CPU.Build.0 = Release|Any CPU
		{C9A3AE1D-0658-4A70-BC48-9D8DEF9C205B}.Default|Any CPU.ActiveCfg = Debug|Any CPU
		{C9A3AE1D-0658-4A70-BC48-9D8DEF9C205B}.Default|Any CPU.Build.0 = Debug|Any CPU
		{A4B8D6D8-3365-49FC-8123-58B3749A5427}.Debug|Any CPU.ActiveCfg = Debug|Any CPU
		{A4B8D6D8-3365-49FC-8123-58B3749A5427}.Debug|Any CPU.Build.0 = Debug|Any CPU
		{A4B8D6D8-3365-49FC-8123-58B3749A5427}.Release|Any CPU.ActiveCfg = Release|Any CPU
		{A4B8D6D8-3365-49FC-8123-58B3749A5427}.Release|Any CPU.Build.0 = Release|Any CPU
		{A4B8D6D8-3365-49FC-8123-58B3749A5427}.Default|Any CPU.ActiveCfg = Debug|Any CPU
		{A4B8D6D8-3365-49FC-8123-58B3749A5427}.Default|Any CPU.Build.0 = Debug|Any CPU
		{5743EE32-F3ED-4162-A0E3-B105503BF139}.Debug|Any CPU.ActiveCfg = Debug|Any CPU
		{5743EE32-F3ED-4162-A0E3-B105503BF139}.Debug|Any CPU.Build.0 = Debug|Any CPU
		{5743EE32-F3ED-4162-A0E3-B105503BF139}.Release|Any CPU.ActiveCfg = Release|Any CPU
		{5743EE32-F3ED-4162-A0E3-B105503BF139}.Release|Any CPU.Build.0 = Release|Any CPU
		{5743EE32-F3ED-4162-A0E3-B105503BF139}.Default|Any CPU.ActiveCfg = Debug|Any CPU
		{5743EE32-F3ED-4162-A0E3-B105503BF139}.Default|Any CPU.Build.0 = Debug|Any CPU
		{DBD65B3F-81C8-4E44-B268-3FAB3B12AA1E}.Debug|Any CPU.ActiveCfg = Debug|Any CPU
		{DBD65B3F-81C8-4E44-B268-3FAB3B12AA1E}.Debug|Any CPU.Build.0 = Debug|Any CPU
		{DBD65B3F-81C8-4E44-B268-3FAB3B12AA1E}.Release|Any CPU.ActiveCfg = Release|Any CPU
		{DBD65B3F-81C8-4E44-B268-3FAB3B12AA1E}.Release|Any CPU.Build.0 = Release|Any CPU
		{DBD65B3F-81C8-4E44-B268-3FAB3B12AA1E}.Default|Any CPU.ActiveCfg = Debug|Any CPU
		{DBD65B3F-81C8-4E44-B268-3FAB3B12AA1E}.Default|Any CPU.Build.0 = Debug|Any CPU
		{00905B9B-20C4-4079-BE80-EB9F6B59E255}.Debug|Any CPU.ActiveCfg = Default|Any CPU
		{00905B9B-20C4-4079-BE80-EB9F6B59E255}.Debug|Any CPU.Build.0 = Default|Any CPU
		{00905B9B-20C4-4079-BE80-EB9F6B59E255}.Release|Any CPU.ActiveCfg = Default|Any CPU
		{00905B9B-20C4-4079-BE80-EB9F6B59E255}.Release|Any CPU.Build.0 = Default|Any CPU
		{00905B9B-20C4-4079-BE80-EB9F6B59E255}.Default|Any CPU.ActiveCfg = Default|Any CPU
		{00905B9B-20C4-4079-BE80-EB9F6B59E255}.Default|Any CPU.Build.0 = Default|Any CPU
		{F6598243-00B2-445E-8B1A-CC0EC9003459}.Debug|Any CPU.ActiveCfg = Debug|Any CPU
		{F6598243-00B2-445E-8B1A-CC0EC9003459}.Debug|Any CPU.Build.0 = Debug|Any CPU
		{F6598243-00B2-445E-8B1A-CC0EC9003459}.Release|Any CPU.ActiveCfg = Release|Any CPU
		{F6598243-00B2-445E-8B1A-CC0EC9003459}.Release|Any CPU.Build.0 = Release|Any CPU
		{F6598243-00B2-445E-8B1A-CC0EC9003459}.Default|Any CPU.ActiveCfg = Debug|Any CPU
		{F6598243-00B2-445E-8B1A-CC0EC9003459}.Default|Any CPU.Build.0 = Debug|Any CPU
		{00266B21-35C9-4A7F-A6BA-D54D7FDCC25C}.Debug|Any CPU.ActiveCfg = Debug|Any CPU
		{00266B21-35C9-4A7F-A6BA-D54D7FDCC25C}.Debug|Any CPU.Build.0 = Debug|Any CPU
		{00266B21-35C9-4A7F-A6BA-D54D7FDCC25C}.Release|Any CPU.ActiveCfg = Release|Any CPU
		{00266B21-35C9-4A7F-A6BA-D54D7FDCC25C}.Release|Any CPU.Build.0 = Release|Any CPU
		{00266B21-35C9-4A7F-A6BA-D54D7FDCC25C}.Default|Any CPU.ActiveCfg = Debug|Any CPU
		{00266B21-35C9-4A7F-A6BA-D54D7FDCC25C}.Default|Any CPU.Build.0 = Debug|Any CPU
		{DA900843-92F7-49A5-AE16-A27658AA2F3C}.Debug|Any CPU.ActiveCfg = Debug|Any CPU
		{DA900843-92F7-49A5-AE16-A27658AA2F3C}.Debug|Any CPU.Build.0 = Debug|Any CPU
		{DA900843-92F7-49A5-AE16-A27658AA2F3C}.Release|Any CPU.ActiveCfg = Release|Any CPU
		{DA900843-92F7-49A5-AE16-A27658AA2F3C}.Release|Any CPU.Build.0 = Release|Any CPU
		{DA900843-92F7-49A5-AE16-A27658AA2F3C}.Default|Any CPU.ActiveCfg = Debug|Any CPU
		{DA900843-92F7-49A5-AE16-A27658AA2F3C}.Default|Any CPU.Build.0 = Debug|Any CPU
		{D30649B8-EAF2-4D4D-968F-A7C65572F7FA}.Debug|Any CPU.ActiveCfg = Debug|Any CPU
		{D30649B8-EAF2-4D4D-968F-A7C65572F7FA}.Debug|Any CPU.Build.0 = Debug|Any CPU
		{D30649B8-EAF2-4D4D-968F-A7C65572F7FA}.Release|Any CPU.ActiveCfg = Release|Any CPU
		{D30649B8-EAF2-4D4D-968F-A7C65572F7FA}.Release|Any CPU.Build.0 = Release|Any CPU
		{D30649B8-EAF2-4D4D-968F-A7C65572F7FA}.Default|Any CPU.ActiveCfg = Debug|Any CPU
		{D30649B8-EAF2-4D4D-968F-A7C65572F7FA}.Default|Any CPU.Build.0 = Debug|Any CPU
		{99886629-32B3-46D3-9094-6445A33FCFA9}.Debug|Any CPU.ActiveCfg = Debug|Any CPU
		{99886629-32B3-46D3-9094-6445A33FCFA9}.Debug|Any CPU.Build.0 = Debug|Any CPU
		{99886629-32B3-46D3-9094-6445A33FCFA9}.Release|Any CPU.ActiveCfg = Release|Any CPU
		{99886629-32B3-46D3-9094-6445A33FCFA9}.Release|Any CPU.Build.0 = Release|Any CPU
		{99886629-32B3-46D3-9094-6445A33FCFA9}.Default|Any CPU.ActiveCfg = Debug|Any CPU
		{99886629-32B3-46D3-9094-6445A33FCFA9}.Default|Any CPU.Build.0 = Debug|Any CPU
	EndGlobalSection
	GlobalSection(NestedProjects) = preSolution
		{2D4737E6-6D95-408A-90DB-8DFF38147E85} = {3A7CF8E5-3FCF-4784-95D6-A364D1730386}
		{30467E5C-05BC-4856-AADC-13906EF4CADD} = {3A7CF8E5-3FCF-4784-95D6-A364D1730386}
		{64612D17-84D9-4437-BA38-230CB1C40976} = {2DEA6384-AD21-418E-8F7F-FA43DD7FC66F}
		{C37BE4CF-CFB6-4A7B-8CAE-6EE21E37D2FD} = {13A7A193-D381-4F8A-A8C7-D449A063CE84}
		{AD8C4CDD-88A7-4466-8837-2072BA33E4A3} = {FDB62262-8257-4662-8FA9-59AB3617262C}
		{7EEEF733-FF22-47C2-A2D4-0EB6CAC78343} = {2DEA6384-AD21-418E-8F7F-FA43DD7FC66F}
		{8588928F-2868-4248-8993-533307A05C0C} = {FDB62262-8257-4662-8FA9-59AB3617262C}
		{C9A3AE1D-0658-4A70-BC48-9D8DEF9C205B} = {FDB62262-8257-4662-8FA9-59AB3617262C}
		{A4B8D6D8-3365-49FC-8123-58B3749A5427} = {FDB62262-8257-4662-8FA9-59AB3617262C}
		{355EB228-A8EE-414F-8D03-3CDE53C82CDC} = {91513C82-4808-4CD2-9B9D-5E4A38A7046A}
		{13A7A193-D381-4F8A-A8C7-D449A063CE84} = {91513C82-4808-4CD2-9B9D-5E4A38A7046A}
		{C8B98F11-9AC5-45B8-9EC2-D012B28BD2D6} = {91513C82-4808-4CD2-9B9D-5E4A38A7046A}
		{3A7CF8E5-3FCF-4784-95D6-A364D1730386} = {91513C82-4808-4CD2-9B9D-5E4A38A7046A}
		{5743EE32-F3ED-4162-A0E3-B105503BF139} = {355EB228-A8EE-414F-8D03-3CDE53C82CDC}
		{DBD65B3F-81C8-4E44-B268-3FAB3B12AA1E} = {355EB228-A8EE-414F-8D03-3CDE53C82CDC}
		{00905B9B-20C4-4079-BE80-EB9F6B59E255} = {3926B6F0-3450-4CBB-B3C9-38F5AEF51B82}
		{F6598243-00B2-445E-8B1A-CC0EC9003459} = {FDB62262-8257-4662-8FA9-59AB3617262C}
		{00266B21-35C9-4A7F-A6BA-D54D7FDCC25C} = {C8B98F11-9AC5-45B8-9EC2-D012B28BD2D6}
		{DA900843-92F7-49A5-AE16-A27658AA2F3C} = {C8B98F11-9AC5-45B8-9EC2-D012B28BD2D6}
		{D30649B8-EAF2-4D4D-968F-A7C65572F7FA} = {13A7A193-D381-4F8A-A8C7-D449A063CE84}
		{99886629-32B3-46D3-9094-6445A33FCFA9} = {13A7A193-D381-4F8A-A8C7-D449A063CE84}
	EndGlobalSection
	GlobalSection(MonoDevelopProperties) = preSolution
		version = 1.0.*
	EndGlobalSection
EndGlobal
