
Microsoft Visual Studio Solution File, Format Version 12.00
# Visual Studio 15
Project("{FAE04EC0-301F-11D3-BF4B-00C04F79EFBC}") = "Mocha.TestProject", "Applications\Mocha.TestProject\Mocha.TestProject.csproj", "{67BFE1C6-8EA9-4906-952B-ECA1E6003D06}"
EndProject
Project("{2150E333-8FDC-42A3-9474-1A3956D46DE8}") = "Applications", "Applications", "{F78BCA42-68B8-4EBB-8054-B7A2EC93CCC2}"
EndProject
Project("{2150E333-8FDC-42A3-9474-1A3956D46DE8}") = "Libraries", "Libraries", "{D770C80F-CDE3-462F-97DB-BB8727D60483}"
EndProject
Project("{FAE04EC0-301F-11D3-BF4B-00C04F79EFBC}") = "Mocha.Core", "Libraries\Mocha.Core\Mocha.Core.csproj", "{F16FA112-4CEB-4583-82F8-4EAD7F6B7F10}"
EndProject
Project("{2150E333-8FDC-42A3-9474-1A3956D46DE8}") = "Tests", "Tests", "{A99F87BF-FE39-45B6-814A-0D02A47BD216}"
EndProject
Project("{FAE04EC0-301F-11D3-BF4B-00C04F79EFBC}") = "Mocha.Tests", "Tests\Mocha.Tests\Mocha.Tests.csproj", "{433D38B6-B57C-473F-8DC3-0FB134ADDDEE}"
EndProject
Project("{2150E333-8FDC-42A3-9474-1A3956D46DE8}") = "Dependencies", "Dependencies", "{4FB5982D-9872-48C1-A71A-45BB0EA5C0A0}"
EndProject
Project("{FAE04EC0-301F-11D3-BF4B-00C04F79EFBC}") = "MBS.Framework", "..\MBS.Framework\MBS.Framework\MBS.Framework.csproj", "{00266B21-35C9-4A7F-A6BA-D54D7FDCC25C}"
EndProject
Project("{2150E333-8FDC-42A3-9474-1A3956D46DE8}") = "Content", "Content", "{F7172330-C3AF-4A3E-9ED4-EEDBD4AB1E02}"
EndProject
Project("{FAE04EC0-301F-11D3-BF4B-00C04F79EFBC}") = "Mocha.Core", "Content\Mocha.Core\Mocha.Core.csproj", "{E9E869AB-D457-4031-8970-8BB66DF1392C}"
EndProject
Project("{FAE04EC0-301F-11D3-BF4B-00C04F79EFBC}") = "Mocha.MSBuild.Tasks", "Libraries\Mocha.MSBuild.Tasks\Mocha.MSBuild.Tasks.csproj", "{1D5668E8-4540-426B-922A-E3A739D16713}"
EndProject
Project("{FAE04EC0-301F-11D3-BF4B-00C04F79EFBC}") = "Mocha.Compiler", "Applications\Mocha.Compiler\Mocha.Compiler.csproj", "{DBEE1BAC-D658-420D-96D6-417523326650}"
EndProject
Project("{FAE04EC0-301F-11D3-BF4B-00C04F79EFBC}") = "UniversalEditor.Plugins.Mocha", "Libraries\UniversalEditor.Plugins.Mocha\UniversalEditor.Plugins.Mocha.csproj", "{3D0893DC-9961-4EAA-BF6C-604686068D09}"
EndProject
Project("{FAE04EC0-301F-11D3-BF4B-00C04F79EFBC}") = "UniversalEditor.Core", "..\UniversalEditor\Libraries\UniversalEditor.Core\UniversalEditor.Core.csproj", "{2D4737E6-6D95-408A-90DB-8DFF38147E85}"
EndProject
Project("{FAE04EC0-301F-11D3-BF4B-00C04F79EFBC}") = "UniversalEditor.Essential", "..\UniversalEditor\Libraries\UniversalEditor.Essential\UniversalEditor.Essential.csproj", "{30467E5C-05BC-4856-AADC-13906EF4CADD}"
EndProject
Project("{FAE04EC0-301F-11D3-BF4B-00C04F79EFBC}") = "UniversalEditor.Checksum", "..\UniversalEditor\Libraries\UniversalEditor.Checksum\UniversalEditor.Checksum.csproj", "{0F7D5BD4-7970-412F-ABD7-0A098BB01ACE}"
EndProject
Project("{FAE04EC0-301F-11D3-BF4B-00C04F79EFBC}") = "UniversalEditor.Compression", "..\UniversalEditor\Libraries\UniversalEditor.Compression\UniversalEditor.Compression.csproj", "{3F664673-7E22-4486-9AD0-FC81861D0B78}"
EndProject
Project("{FAE04EC0-301F-11D3-BF4B-00C04F79EFBC}") = "Mocha.Core.UI", "Content\Mocha.Core.UI\Mocha.Core.UI.csproj", "{71257FFC-969C-42E8-A99D-5BC25FD66A04}"
EndProject
Project("{FAE04EC0-301F-11D3-BF4B-00C04F79EFBC}") = "Mocha.Web", "Content\Mocha.Web\Mocha.Web.csproj", "{0727D8C3-22B0-461F-87FA-0D190D51E608}"
EndProject
Global
	GlobalSection(SolutionConfigurationPlatforms) = preSolution
		Debug|Any CPU = Debug|Any CPU
		Release|Any CPU = Release|Any CPU
	EndGlobalSection
	GlobalSection(ProjectConfigurationPlatforms) = postSolution
		{67BFE1C6-8EA9-4906-952B-ECA1E6003D06}.Debug|Any CPU.ActiveCfg = Debug|Any CPU
		{67BFE1C6-8EA9-4906-952B-ECA1E6003D06}.Debug|Any CPU.Build.0 = Debug|Any CPU
		{67BFE1C6-8EA9-4906-952B-ECA1E6003D06}.Release|Any CPU.ActiveCfg = Release|Any CPU
		{67BFE1C6-8EA9-4906-952B-ECA1E6003D06}.Release|Any CPU.Build.0 = Release|Any CPU
		{F16FA112-4CEB-4583-82F8-4EAD7F6B7F10}.Debug|Any CPU.ActiveCfg = Debug|Any CPU
		{F16FA112-4CEB-4583-82F8-4EAD7F6B7F10}.Debug|Any CPU.Build.0 = Debug|Any CPU
		{F16FA112-4CEB-4583-82F8-4EAD7F6B7F10}.Release|Any CPU.ActiveCfg = Release|Any CPU
		{F16FA112-4CEB-4583-82F8-4EAD7F6B7F10}.Release|Any CPU.Build.0 = Release|Any CPU
		{433D38B6-B57C-473F-8DC3-0FB134ADDDEE}.Debug|Any CPU.ActiveCfg = Debug|Any CPU
		{433D38B6-B57C-473F-8DC3-0FB134ADDDEE}.Debug|Any CPU.Build.0 = Debug|Any CPU
		{433D38B6-B57C-473F-8DC3-0FB134ADDDEE}.Release|Any CPU.ActiveCfg = Release|Any CPU
		{433D38B6-B57C-473F-8DC3-0FB134ADDDEE}.Release|Any CPU.Build.0 = Release|Any CPU
		{00266B21-35C9-4A7F-A6BA-D54D7FDCC25C}.Debug|Any CPU.ActiveCfg = Debug|Any CPU
		{00266B21-35C9-4A7F-A6BA-D54D7FDCC25C}.Debug|Any CPU.Build.0 = Debug|Any CPU
		{00266B21-35C9-4A7F-A6BA-D54D7FDCC25C}.Release|Any CPU.ActiveCfg = Release|Any CPU
		{00266B21-35C9-4A7F-A6BA-D54D7FDCC25C}.Release|Any CPU.Build.0 = Release|Any CPU
		{E9E869AB-D457-4031-8970-8BB66DF1392C}.Debug|Any CPU.ActiveCfg = Debug|Any CPU
		{E9E869AB-D457-4031-8970-8BB66DF1392C}.Debug|Any CPU.Build.0 = Debug|Any CPU
		{E9E869AB-D457-4031-8970-8BB66DF1392C}.Release|Any CPU.ActiveCfg = Release|Any CPU
		{E9E869AB-D457-4031-8970-8BB66DF1392C}.Release|Any CPU.Build.0 = Release|Any CPU
		{1D5668E8-4540-426B-922A-E3A739D16713}.Debug|Any CPU.ActiveCfg = Debug|Any CPU
		{1D5668E8-4540-426B-922A-E3A739D16713}.Debug|Any CPU.Build.0 = Debug|Any CPU
		{1D5668E8-4540-426B-922A-E3A739D16713}.Release|Any CPU.ActiveCfg = Release|Any CPU
		{1D5668E8-4540-426B-922A-E3A739D16713}.Release|Any CPU.Build.0 = Release|Any CPU
		{DBEE1BAC-D658-420D-96D6-417523326650}.Debug|Any CPU.ActiveCfg = Debug|Any CPU
		{DBEE1BAC-D658-420D-96D6-417523326650}.Debug|Any CPU.Build.0 = Debug|Any CPU
		{DBEE1BAC-D658-420D-96D6-417523326650}.Release|Any CPU.ActiveCfg = Release|Any CPU
		{DBEE1BAC-D658-420D-96D6-417523326650}.Release|Any CPU.Build.0 = Release|Any CPU
		{3D0893DC-9961-4EAA-BF6C-604686068D09}.Debug|Any CPU.ActiveCfg = Debug|Any CPU
		{3D0893DC-9961-4EAA-BF6C-604686068D09}.Debug|Any CPU.Build.0 = Debug|Any CPU
		{3D0893DC-9961-4EAA-BF6C-604686068D09}.Release|Any CPU.ActiveCfg = Release|Any CPU
		{3D0893DC-9961-4EAA-BF6C-604686068D09}.Release|Any CPU.Build.0 = Release|Any CPU
		{2D4737E6-6D95-408A-90DB-8DFF38147E85}.Debug|Any CPU.ActiveCfg = Debug|Any CPU
		{2D4737E6-6D95-408A-90DB-8DFF38147E85}.Debug|Any CPU.Build.0 = Debug|Any CPU
		{2D4737E6-6D95-408A-90DB-8DFF38147E85}.Release|Any CPU.ActiveCfg = Release|Any CPU
		{2D4737E6-6D95-408A-90DB-8DFF38147E85}.Release|Any CPU.Build.0 = Release|Any CPU
		{30467E5C-05BC-4856-AADC-13906EF4CADD}.Debug|Any CPU.ActiveCfg = Debug|Any CPU
		{30467E5C-05BC-4856-AADC-13906EF4CADD}.Debug|Any CPU.Build.0 = Debug|Any CPU
		{30467E5C-05BC-4856-AADC-13906EF4CADD}.Release|Any CPU.ActiveCfg = Release|Any CPU
		{30467E5C-05BC-4856-AADC-13906EF4CADD}.Release|Any CPU.Build.0 = Release|Any CPU
		{0F7D5BD4-7970-412F-ABD7-0A098BB01ACE}.Debug|Any CPU.ActiveCfg = Debug|Any CPU
		{0F7D5BD4-7970-412F-ABD7-0A098BB01ACE}.Debug|Any CPU.Build.0 = Debug|Any CPU
		{0F7D5BD4-7970-412F-ABD7-0A098BB01ACE}.Release|Any CPU.ActiveCfg = Release|Any CPU
		{0F7D5BD4-7970-412F-ABD7-0A098BB01ACE}.Release|Any CPU.Build.0 = Release|Any CPU
		{3F664673-7E22-4486-9AD0-FC81861D0B78}.Debug|Any CPU.ActiveCfg = Debug|Any CPU
		{3F664673-7E22-4486-9AD0-FC81861D0B78}.Debug|Any CPU.Build.0 = Debug|Any CPU
		{3F664673-7E22-4486-9AD0-FC81861D0B78}.Release|Any CPU.ActiveCfg = Release|Any CPU
		{3F664673-7E22-4486-9AD0-FC81861D0B78}.Release|Any CPU.Build.0 = Release|Any CPU
		{71257FFC-969C-42E8-A99D-5BC25FD66A04}.Debug|Any CPU.ActiveCfg = Debug|Any CPU
		{71257FFC-969C-42E8-A99D-5BC25FD66A04}.Debug|Any CPU.Build.0 = Debug|Any CPU
		{71257FFC-969C-42E8-A99D-5BC25FD66A04}.Release|Any CPU.ActiveCfg = Release|Any CPU
		{71257FFC-969C-42E8-A99D-5BC25FD66A04}.Release|Any CPU.Build.0 = Release|Any CPU
		{0727D8C3-22B0-461F-87FA-0D190D51E608}.Debug|Any CPU.ActiveCfg = Debug|Any CPU
		{0727D8C3-22B0-461F-87FA-0D190D51E608}.Debug|Any CPU.Build.0 = Debug|Any CPU
		{0727D8C3-22B0-461F-87FA-0D190D51E608}.Release|Any CPU.ActiveCfg = Release|Any CPU
		{0727D8C3-22B0-461F-87FA-0D190D51E608}.Release|Any CPU.Build.0 = Release|Any CPU
	EndGlobalSection
	GlobalSection(NestedProjects) = preSolution
		{67BFE1C6-8EA9-4906-952B-ECA1E6003D06} = {F78BCA42-68B8-4EBB-8054-B7A2EC93CCC2}
		{F16FA112-4CEB-4583-82F8-4EAD7F6B7F10} = {D770C80F-CDE3-462F-97DB-BB8727D60483}
		{433D38B6-B57C-473F-8DC3-0FB134ADDDEE} = {A99F87BF-FE39-45B6-814A-0D02A47BD216}
		{00266B21-35C9-4A7F-A6BA-D54D7FDCC25C} = {4FB5982D-9872-48C1-A71A-45BB0EA5C0A0}
		{E9E869AB-D457-4031-8970-8BB66DF1392C} = {F7172330-C3AF-4A3E-9ED4-EEDBD4AB1E02}
		{1D5668E8-4540-426B-922A-E3A739D16713} = {D770C80F-CDE3-462F-97DB-BB8727D60483}
		{DBEE1BAC-D658-420D-96D6-417523326650} = {F78BCA42-68B8-4EBB-8054-B7A2EC93CCC2}
		{3D0893DC-9961-4EAA-BF6C-604686068D09} = {D770C80F-CDE3-462F-97DB-BB8727D60483}
		{2D4737E6-6D95-408A-90DB-8DFF38147E85} = {4FB5982D-9872-48C1-A71A-45BB0EA5C0A0}
		{30467E5C-05BC-4856-AADC-13906EF4CADD} = {4FB5982D-9872-48C1-A71A-45BB0EA5C0A0}
		{0F7D5BD4-7970-412F-ABD7-0A098BB01ACE} = {4FB5982D-9872-48C1-A71A-45BB0EA5C0A0}
		{3F664673-7E22-4486-9AD0-FC81861D0B78} = {4FB5982D-9872-48C1-A71A-45BB0EA5C0A0}
		{71257FFC-969C-42E8-A99D-5BC25FD66A04} = {F7172330-C3AF-4A3E-9ED4-EEDBD4AB1E02}
		{0727D8C3-22B0-461F-87FA-0D190D51E608} = {F7172330-C3AF-4A3E-9ED4-EEDBD4AB1E02}
	EndGlobalSection
EndGlobal
