
Microsoft Visual Studio Solution File, Format Version 12.00
# Visual Studio 15
Project("{FAE04EC0-301F-11D3-BF4B-00C04F79EFBC}") = "Mocha.Core", "Libraries\Mocha.Core\Mocha.Core.csproj", "{8D3211A6-B2D6-4A26-ABE3-5B57636A4196}"
EndProject
Project("{2150E333-8FDC-42A3-9474-1A3956D46DE8}") = "Content", "Content", "{F6A278B7-72E3-43F3-B24D-5D86ADDFB147}"
EndProject
Project("{2150E333-8FDC-42A3-9474-1A3956D46DE8}") = "Libraries", "Libraries", "{8706C871-7066-4CE9-ACA9-07C4A6A9988D}"
EndProject
Project("{FAE04EC0-301F-11D3-BF4B-00C04F79EFBC}") = "Mocha.System", "Content\Mocha.System\Mocha.System.csproj", "{E9E869AB-D457-4031-8970-8BB66DF1392C}"
EndProject
Project("{2150E333-8FDC-42A3-9474-1A3956D46DE8}") = "Webapps", "Webapps", "{717C8229-D193-4316-9252-8CE944B6C882}"
EndProject
Project("{2150E333-8FDC-42A3-9474-1A3956D46DE8}") = "Applications", "Applications", "{48FC42D3-8E0D-4271-A848-833589A20B55}"
EndProject
Project("{FAE04EC0-301F-11D3-BF4B-00C04F79EFBC}") = "Mocha.MSBuild.Tasks", "Libraries\Mocha.MSBuild.Tasks\Mocha.MSBuild.Tasks.csproj", "{1D5668E8-4540-426B-922A-E3A739D16713}"
EndProject
Project("{FAE04EC0-301F-11D3-BF4B-00C04F79EFBC}") = "Mocha.Compiler", "Applications\Mocha.Compiler\Mocha.Compiler.csproj", "{DBEE1BAC-D658-420D-96D6-417523326650}"
EndProject
Project("{2150E333-8FDC-42A3-9474-1A3956D46DE8}") = "Solution Items", "Solution Items", "{B465087E-318B-4059-8183-547D596AB2F7}"
	ProjectSection(SolutionItems) = preProject
		Mocha.Compiler.targets = Mocha.Compiler.targets
	EndProjectSection
EndProject
Project("{2150E333-8FDC-42A3-9474-1A3956D46DE8}") = "Dependencies", "Dependencies", "{D06A60FA-2A64-4BE3-80AF-F75631E6CA5E}"
EndProject
Project("{FAE04EC0-301F-11D3-BF4B-00C04F79EFBC}") = "UniversalEditor.Core", "..\UniversalEditor\Libraries\UniversalEditor.Core\UniversalEditor.Core.csproj", "{2D4737E6-6D95-408A-90DB-8DFF38147E85}"
EndProject
Project("{FAE04EC0-301F-11D3-BF4B-00C04F79EFBC}") = "UniversalEditor.Plugins.Mocha", "Libraries\UniversalEditor.Plugins.Mocha\UniversalEditor.Plugins.Mocha.csproj", "{3D0893DC-9961-4EAA-BF6C-604686068D09}"
EndProject
Project("{FAE04EC0-301F-11D3-BF4B-00C04F79EFBC}") = "UniversalEditor.Essential", "..\UniversalEditor\Libraries\UniversalEditor.Essential\UniversalEditor.Essential.csproj", "{30467E5C-05BC-4856-AADC-13906EF4CADD}"
EndProject
Project("{FAE04EC0-301F-11D3-BF4B-00C04F79EFBC}") = "MBS.Framework", "..\MBS.Framework\MBS.Framework\MBS.Framework.csproj", "{00266B21-35C9-4A7F-A6BA-D54D7FDCC25C}"
EndProject
Project("{FAE04EC0-301F-11D3-BF4B-00C04F79EFBC}") = "Mocha.Web", "Webapps\Mocha.Web\Mocha.Web.csproj", "{53D2CDA0-7CE3-4D80-90EC-30D8D15344BC}"
EndProject
Project("{FAE04EC0-301F-11D3-BF4B-00C04F79EFBC}") = "MBS.Networking", "..\MBS.Networking\Libraries\MBS.Networking\MBS.Networking.csproj", "{DBD65B3F-81C8-4E44-B268-3FAB3B12AA1E}"
EndProject
Project("{FAE04EC0-301F-11D3-BF4B-00C04F79EFBC}") = "MBS.Networking.Plugins.HyperTextTransfer", "..\MBS.Networking\Plugins\MBS.Networking.Plugins.HyperTextTransfer\MBS.Networking.Plugins.HyperTextTransfer.csproj", "{5743EE32-F3ED-4162-A0E3-B105503BF139}"
EndProject
Project("{FAE04EC0-301F-11D3-BF4B-00C04F79EFBC}") = "MBS.Web", "..\MBS.Web\Libraries\MBS.Web\MBS.Web.csproj", "{D30649B8-EAF2-4D4D-968F-A7C65572F7FA}"
EndProject
Project("{FAE04EC0-301F-11D3-BF4B-00C04F79EFBC}") = "MBS.Web.Controls", "..\MBS.Web\Libraries\MBS.Web.Controls\MBS.Web.Controls.csproj", "{99886629-32B3-46D3-9094-6445A33FCFA9}"
EndProject
Project("{FAE04EC0-301F-11D3-BF4B-00C04F79EFBC}") = "MBS.Web.Plugins.Less", "..\MBS.Web\Plugins\MBS.Web.Plugins.Less\MBS.Web.Plugins.Less.csproj", "{C37BE4CF-CFB6-4A7B-8CAE-6EE21E37D2FD}"
EndProject
Project("{FAE04EC0-301F-11D3-BF4B-00C04F79EFBC}") = "MBS.Web.Themes", "..\MBS.Web\Libraries\MBS.Web.Themes\MBS.Web.Themes.csproj", "{18492D58-0C92-4904-AAAB-58283C66150F}"
EndProject
Project("{FAE04EC0-301F-11D3-BF4B-00C04F79EFBC}") = "Mocha.OMS", "Libraries\Mocha.OMS\Mocha.OMS.csproj", "{8588928F-2868-4248-8993-533307A05C0C}"
EndProject
Project("{FAE04EC0-301F-11D3-BF4B-00C04F79EFBC}") = "Mocha.Storage", "Libraries\Mocha.Storage\Mocha.Storage.csproj", "{C9A3AE1D-0658-4A70-BC48-9D8DEF9C205B}"
EndProject
Project("{FAE04EC0-301F-11D3-BF4B-00C04F79EFBC}") = "Mocha.Storage.Local", "Libraries\Mocha.Storage.Local\Mocha.Storage.Local.csproj", "{A4B8D6D8-3365-49FC-8123-58B3749A5427}"
EndProject
Project("{FAE04EC0-301F-11D3-BF4B-00C04F79EFBC}") = "Mocha.Web.Configuration", "Libraries\Mocha.Web.Configuration\Mocha.Web.Configuration.csproj", "{F6598243-00B2-445E-8B1A-CC0EC9003459}"
EndProject
Project("{FAE04EC0-301F-11D3-BF4B-00C04F79EFBC}") = "Mocha.Libraries.VehiclesForHire", "Content\Mocha.Libraries.VehiclesForHire\Mocha.Libraries.VehiclesForHire.csproj", "{395052E4-A438-4CDF-B143-61ABDB022996}"
EndProject
Project("{FAE04EC0-301F-11D3-BF4B-00C04F79EFBC}") = "Mocha.Libraries.Medical", "Content\Mocha.Libraries.Medical\Mocha.Libraries.Medical.csproj", "{871E84DD-5666-4261-8BAA-A6C637C36E9B}"
EndProject
Project("{FAE04EC0-301F-11D3-BF4B-00C04F79EFBC}") = "Mocha.Libraries.PersonalInformation", "Content\Mocha.Libraries.PersonalInformation\Mocha.Libraries.PersonalInformation.csproj", "{D300DDB5-393C-4C76-A4F8-5F7521599345}"
EndProject
Project("{FAE04EC0-301F-11D3-BF4B-00C04F79EFBC}") = "Mocha.Web", "Content\Mocha.Web\Mocha.Web.csproj", "{1772CBB1-301C-430B-B5D3-9361124093D6}"
EndProject
Project("{FAE04EC0-301F-11D3-BF4B-00C04F79EFBC}") = "Mocha.Debugger", "Applications\Mocha.Debugger\Mocha.Debugger.csproj", "{FF61C373-835F-4160-8499-30324E8B9909}"
EndProject
Project("{2150E333-8FDC-42A3-9474-1A3956D46DE8}") = "Tests", "Tests", "{09B37CE6-6F9F-43B2-88B2-5AEE629852CA}"
EndProject
Project("{FAE04EC0-301F-11D3-BF4B-00C04F79EFBC}") = "UniversalEditor.Compression", "..\UniversalEditor\Libraries\UniversalEditor.Compression\UniversalEditor.Compression.csproj", "{3F664673-7E22-4486-9AD0-FC81861D0B78}"
EndProject
Project("{FAE04EC0-301F-11D3-BF4B-00C04F79EFBC}") = "UniversalEditor.Checksum", "..\UniversalEditor\Libraries\UniversalEditor.Checksum\UniversalEditor.Checksum.csproj", "{0F7D5BD4-7970-412F-ABD7-0A098BB01ACE}"
EndProject
Project("{FAE04EC0-301F-11D3-BF4B-00C04F79EFBC}") = "Mocha.Web.Server", "Applications\Mocha.Web.Server\Mocha.Web.Server.csproj", "{6317262E-0B06-486B-AC1F-4494A708493D}"
EndProject
Project("{9344BDBB-3E7F-41FC-A0DD-8665D75EE146}") = "Mocha.Tests", "Tests\Mocha.Tests\Mocha.Tests.csproj", "{B9872F0C-EE46-4981-A28E-B8A266F69755}"
EndProject
Global
	GlobalSection(SolutionConfigurationPlatforms) = preSolution
		Debug|Any CPU = Debug|Any CPU
		Release|Any CPU = Release|Any CPU
		Default|Any CPU = Default|Any CPU
	EndGlobalSection
	GlobalSection(ProjectConfigurationPlatforms) = postSolution
		{8D3211A6-B2D6-4A26-ABE3-5B57636A4196}.Debug|Any CPU.ActiveCfg = Debug|Any CPU
		{8D3211A6-B2D6-4A26-ABE3-5B57636A4196}.Debug|Any CPU.Build.0 = Debug|Any CPU
		{8D3211A6-B2D6-4A26-ABE3-5B57636A4196}.Release|Any CPU.ActiveCfg = Release|Any CPU
		{8D3211A6-B2D6-4A26-ABE3-5B57636A4196}.Release|Any CPU.Build.0 = Release|Any CPU
		{E9E869AB-D457-4031-8970-8BB66DF1392C}.Debug|Any CPU.ActiveCfg = Debug|Any CPU
		{E9E869AB-D457-4031-8970-8BB66DF1392C}.Debug|Any CPU.Build.0 = Debug|Any CPU
		{E9E869AB-D457-4031-8970-8BB66DF1392C}.Release|Any CPU.ActiveCfg = Release|Any CPU
		{E9E869AB-D457-4031-8970-8BB66DF1392C}.Release|Any CPU.Build.0 = Release|Any CPU
		{1D5668E8-4540-426B-922A-E3A739D16713}.Debug|Any CPU.ActiveCfg = Debug|Any CPU
		{1D5668E8-4540-426B-922A-E3A739D16713}.Debug|Any CPU.Build.0 = Debug|Any CPU
		{1D5668E8-4540-426B-922A-E3A739D16713}.Release|Any CPU.ActiveCfg = Release|Any CPU
		{1D5668E8-4540-426B-922A-E3A739D16713}.Release|Any CPU.Build.0 = Release|Any CPU
		{1D5668E8-4540-426B-922A-E3A739D16713}.Default|Any CPU.ActiveCfg = Debug|Any CPU
		{1D5668E8-4540-426B-922A-E3A739D16713}.Default|Any CPU.Build.0 = Debug|Any CPU
		{DBEE1BAC-D658-420D-96D6-417523326650}.Debug|Any CPU.ActiveCfg = Debug|Any CPU
		{DBEE1BAC-D658-420D-96D6-417523326650}.Debug|Any CPU.Build.0 = Debug|Any CPU
		{DBEE1BAC-D658-420D-96D6-417523326650}.Release|Any CPU.ActiveCfg = Release|Any CPU
		{DBEE1BAC-D658-420D-96D6-417523326650}.Release|Any CPU.Build.0 = Release|Any CPU
		{DBEE1BAC-D658-420D-96D6-417523326650}.Default|Any CPU.ActiveCfg = Debug|Any CPU
		{DBEE1BAC-D658-420D-96D6-417523326650}.Default|Any CPU.Build.0 = Debug|Any CPU
		{2D4737E6-6D95-408A-90DB-8DFF38147E85}.Debug|Any CPU.ActiveCfg = Debug|Any CPU
		{2D4737E6-6D95-408A-90DB-8DFF38147E85}.Debug|Any CPU.Build.0 = Debug|Any CPU
		{2D4737E6-6D95-408A-90DB-8DFF38147E85}.Release|Any CPU.ActiveCfg = Release|Any CPU
		{2D4737E6-6D95-408A-90DB-8DFF38147E85}.Release|Any CPU.Build.0 = Release|Any CPU
		{2D4737E6-6D95-408A-90DB-8DFF38147E85}.Default|Any CPU.ActiveCfg = Debug|Any CPU
		{2D4737E6-6D95-408A-90DB-8DFF38147E85}.Default|Any CPU.Build.0 = Debug|Any CPU
		{3D0893DC-9961-4EAA-BF6C-604686068D09}.Debug|Any CPU.ActiveCfg = Debug|Any CPU
		{3D0893DC-9961-4EAA-BF6C-604686068D09}.Debug|Any CPU.Build.0 = Debug|Any CPU
		{3D0893DC-9961-4EAA-BF6C-604686068D09}.Release|Any CPU.ActiveCfg = Release|Any CPU
		{3D0893DC-9961-4EAA-BF6C-604686068D09}.Release|Any CPU.Build.0 = Release|Any CPU
		{3D0893DC-9961-4EAA-BF6C-604686068D09}.Default|Any CPU.ActiveCfg = Debug|Any CPU
		{3D0893DC-9961-4EAA-BF6C-604686068D09}.Default|Any CPU.Build.0 = Debug|Any CPU
		{30467E5C-05BC-4856-AADC-13906EF4CADD}.Debug|Any CPU.ActiveCfg = Debug|Any CPU
		{30467E5C-05BC-4856-AADC-13906EF4CADD}.Debug|Any CPU.Build.0 = Debug|Any CPU
		{30467E5C-05BC-4856-AADC-13906EF4CADD}.Release|Any CPU.ActiveCfg = Release|Any CPU
		{30467E5C-05BC-4856-AADC-13906EF4CADD}.Release|Any CPU.Build.0 = Release|Any CPU
		{30467E5C-05BC-4856-AADC-13906EF4CADD}.Default|Any CPU.ActiveCfg = Debug|Any CPU
		{30467E5C-05BC-4856-AADC-13906EF4CADD}.Default|Any CPU.Build.0 = Debug|Any CPU
		{00266B21-35C9-4A7F-A6BA-D54D7FDCC25C}.Debug|Any CPU.ActiveCfg = Debug|Any CPU
		{00266B21-35C9-4A7F-A6BA-D54D7FDCC25C}.Debug|Any CPU.Build.0 = Debug|Any CPU
		{00266B21-35C9-4A7F-A6BA-D54D7FDCC25C}.Release|Any CPU.ActiveCfg = Release|Any CPU
		{00266B21-35C9-4A7F-A6BA-D54D7FDCC25C}.Release|Any CPU.Build.0 = Release|Any CPU
		{00266B21-35C9-4A7F-A6BA-D54D7FDCC25C}.Default|Any CPU.ActiveCfg = Debug|Any CPU
		{00266B21-35C9-4A7F-A6BA-D54D7FDCC25C}.Default|Any CPU.Build.0 = Debug|Any CPU
		{53D2CDA0-7CE3-4D80-90EC-30D8D15344BC}.Debug|Any CPU.ActiveCfg = Debug|Any CPU
		{53D2CDA0-7CE3-4D80-90EC-30D8D15344BC}.Debug|Any CPU.Build.0 = Debug|Any CPU
		{53D2CDA0-7CE3-4D80-90EC-30D8D15344BC}.Release|Any CPU.ActiveCfg = Release|Any CPU
		{53D2CDA0-7CE3-4D80-90EC-30D8D15344BC}.Release|Any CPU.Build.0 = Release|Any CPU
		{DBD65B3F-81C8-4E44-B268-3FAB3B12AA1E}.Debug|Any CPU.ActiveCfg = Debug|Any CPU
		{DBD65B3F-81C8-4E44-B268-3FAB3B12AA1E}.Debug|Any CPU.Build.0 = Debug|Any CPU
		{DBD65B3F-81C8-4E44-B268-3FAB3B12AA1E}.Release|Any CPU.ActiveCfg = Release|Any CPU
		{DBD65B3F-81C8-4E44-B268-3FAB3B12AA1E}.Release|Any CPU.Build.0 = Release|Any CPU
		{DBD65B3F-81C8-4E44-B268-3FAB3B12AA1E}.Default|Any CPU.ActiveCfg = Debug|Any CPU
		{DBD65B3F-81C8-4E44-B268-3FAB3B12AA1E}.Default|Any CPU.Build.0 = Debug|Any CPU
		{5743EE32-F3ED-4162-A0E3-B105503BF139}.Debug|Any CPU.ActiveCfg = Debug|Any CPU
		{5743EE32-F3ED-4162-A0E3-B105503BF139}.Debug|Any CPU.Build.0 = Debug|Any CPU
		{5743EE32-F3ED-4162-A0E3-B105503BF139}.Release|Any CPU.ActiveCfg = Release|Any CPU
		{5743EE32-F3ED-4162-A0E3-B105503BF139}.Release|Any CPU.Build.0 = Release|Any CPU
		{5743EE32-F3ED-4162-A0E3-B105503BF139}.Default|Any CPU.ActiveCfg = Debug|Any CPU
		{5743EE32-F3ED-4162-A0E3-B105503BF139}.Default|Any CPU.Build.0 = Debug|Any CPU
		{D30649B8-EAF2-4D4D-968F-A7C65572F7FA}.Debug|Any CPU.ActiveCfg = Debug|Any CPU
		{D30649B8-EAF2-4D4D-968F-A7C65572F7FA}.Debug|Any CPU.Build.0 = Debug|Any CPU
		{D30649B8-EAF2-4D4D-968F-A7C65572F7FA}.Release|Any CPU.ActiveCfg = Release|Any CPU
		{D30649B8-EAF2-4D4D-968F-A7C65572F7FA}.Release|Any CPU.Build.0 = Release|Any CPU
		{D30649B8-EAF2-4D4D-968F-A7C65572F7FA}.Default|Any CPU.ActiveCfg = Debug|Any CPU
		{D30649B8-EAF2-4D4D-968F-A7C65572F7FA}.Default|Any CPU.Build.0 = Debug|Any CPU
		{99886629-32B3-46D3-9094-6445A33FCFA9}.Debug|Any CPU.ActiveCfg = Debug|Any CPU
		{99886629-32B3-46D3-9094-6445A33FCFA9}.Debug|Any CPU.Build.0 = Debug|Any CPU
		{99886629-32B3-46D3-9094-6445A33FCFA9}.Release|Any CPU.ActiveCfg = Release|Any CPU
		{99886629-32B3-46D3-9094-6445A33FCFA9}.Release|Any CPU.Build.0 = Release|Any CPU
		{99886629-32B3-46D3-9094-6445A33FCFA9}.Default|Any CPU.ActiveCfg = Debug|Any CPU
		{99886629-32B3-46D3-9094-6445A33FCFA9}.Default|Any CPU.Build.0 = Debug|Any CPU
		{C37BE4CF-CFB6-4A7B-8CAE-6EE21E37D2FD}.Debug|Any CPU.ActiveCfg = Debug|Any CPU
		{C37BE4CF-CFB6-4A7B-8CAE-6EE21E37D2FD}.Debug|Any CPU.Build.0 = Debug|Any CPU
		{C37BE4CF-CFB6-4A7B-8CAE-6EE21E37D2FD}.Release|Any CPU.ActiveCfg = Release|Any CPU
		{C37BE4CF-CFB6-4A7B-8CAE-6EE21E37D2FD}.Release|Any CPU.Build.0 = Release|Any CPU
		{C37BE4CF-CFB6-4A7B-8CAE-6EE21E37D2FD}.Default|Any CPU.ActiveCfg = Debug|Any CPU
		{C37BE4CF-CFB6-4A7B-8CAE-6EE21E37D2FD}.Default|Any CPU.Build.0 = Debug|Any CPU
		{18492D58-0C92-4904-AAAB-58283C66150F}.Debug|Any CPU.ActiveCfg = Debug|Any CPU
		{18492D58-0C92-4904-AAAB-58283C66150F}.Debug|Any CPU.Build.0 = Debug|Any CPU
		{18492D58-0C92-4904-AAAB-58283C66150F}.Release|Any CPU.ActiveCfg = Release|Any CPU
		{18492D58-0C92-4904-AAAB-58283C66150F}.Release|Any CPU.Build.0 = Release|Any CPU
		{18492D58-0C92-4904-AAAB-58283C66150F}.Default|Any CPU.ActiveCfg = Debug|Any CPU
		{18492D58-0C92-4904-AAAB-58283C66150F}.Default|Any CPU.Build.0 = Debug|Any CPU
		{8588928F-2868-4248-8993-533307A05C0C}.Debug|Any CPU.ActiveCfg = Debug|Any CPU
		{8588928F-2868-4248-8993-533307A05C0C}.Debug|Any CPU.Build.0 = Debug|Any CPU
		{8588928F-2868-4248-8993-533307A05C0C}.Release|Any CPU.ActiveCfg = Release|Any CPU
		{8588928F-2868-4248-8993-533307A05C0C}.Release|Any CPU.Build.0 = Release|Any CPU
		{8588928F-2868-4248-8993-533307A05C0C}.Default|Any CPU.ActiveCfg = Debug|Any CPU
		{8588928F-2868-4248-8993-533307A05C0C}.Default|Any CPU.Build.0 = Debug|Any CPU
		{C9A3AE1D-0658-4A70-BC48-9D8DEF9C205B}.Debug|Any CPU.ActiveCfg = Debug|Any CPU
		{C9A3AE1D-0658-4A70-BC48-9D8DEF9C205B}.Debug|Any CPU.Build.0 = Debug|Any CPU
		{C9A3AE1D-0658-4A70-BC48-9D8DEF9C205B}.Release|Any CPU.ActiveCfg = Release|Any CPU
		{C9A3AE1D-0658-4A70-BC48-9D8DEF9C205B}.Release|Any CPU.Build.0 = Release|Any CPU
		{C9A3AE1D-0658-4A70-BC48-9D8DEF9C205B}.Default|Any CPU.ActiveCfg = Debug|Any CPU
		{C9A3AE1D-0658-4A70-BC48-9D8DEF9C205B}.Default|Any CPU.Build.0 = Debug|Any CPU
		{A4B8D6D8-3365-49FC-8123-58B3749A5427}.Debug|Any CPU.ActiveCfg = Debug|Any CPU
		{A4B8D6D8-3365-49FC-8123-58B3749A5427}.Debug|Any CPU.Build.0 = Debug|Any CPU
		{A4B8D6D8-3365-49FC-8123-58B3749A5427}.Release|Any CPU.ActiveCfg = Release|Any CPU
		{A4B8D6D8-3365-49FC-8123-58B3749A5427}.Release|Any CPU.Build.0 = Release|Any CPU
		{A4B8D6D8-3365-49FC-8123-58B3749A5427}.Default|Any CPU.ActiveCfg = Debug|Any CPU
		{A4B8D6D8-3365-49FC-8123-58B3749A5427}.Default|Any CPU.Build.0 = Debug|Any CPU
		{F6598243-00B2-445E-8B1A-CC0EC9003459}.Debug|Any CPU.ActiveCfg = Debug|Any CPU
		{F6598243-00B2-445E-8B1A-CC0EC9003459}.Debug|Any CPU.Build.0 = Debug|Any CPU
		{F6598243-00B2-445E-8B1A-CC0EC9003459}.Release|Any CPU.ActiveCfg = Release|Any CPU
		{F6598243-00B2-445E-8B1A-CC0EC9003459}.Release|Any CPU.Build.0 = Release|Any CPU
		{F6598243-00B2-445E-8B1A-CC0EC9003459}.Default|Any CPU.ActiveCfg = Debug|Any CPU
		{F6598243-00B2-445E-8B1A-CC0EC9003459}.Default|Any CPU.Build.0 = Debug|Any CPU
		{395052E4-A438-4CDF-B143-61ABDB022996}.Debug|Any CPU.ActiveCfg = Debug|Any CPU
		{395052E4-A438-4CDF-B143-61ABDB022996}.Debug|Any CPU.Build.0 = Debug|Any CPU
		{395052E4-A438-4CDF-B143-61ABDB022996}.Release|Any CPU.ActiveCfg = Release|Any CPU
		{395052E4-A438-4CDF-B143-61ABDB022996}.Release|Any CPU.Build.0 = Release|Any CPU
		{395052E4-A438-4CDF-B143-61ABDB022996}.Default|Any CPU.ActiveCfg = Debug|Any CPU
		{395052E4-A438-4CDF-B143-61ABDB022996}.Default|Any CPU.Build.0 = Debug|Any CPU
		{871E84DD-5666-4261-8BAA-A6C637C36E9B}.Debug|Any CPU.ActiveCfg = Debug|Any CPU
		{871E84DD-5666-4261-8BAA-A6C637C36E9B}.Debug|Any CPU.Build.0 = Debug|Any CPU
		{871E84DD-5666-4261-8BAA-A6C637C36E9B}.Release|Any CPU.ActiveCfg = Release|Any CPU
		{871E84DD-5666-4261-8BAA-A6C637C36E9B}.Release|Any CPU.Build.0 = Release|Any CPU
		{871E84DD-5666-4261-8BAA-A6C637C36E9B}.Default|Any CPU.ActiveCfg = Debug|Any CPU
		{871E84DD-5666-4261-8BAA-A6C637C36E9B}.Default|Any CPU.Build.0 = Debug|Any CPU
		{D300DDB5-393C-4C76-A4F8-5F7521599345}.Debug|Any CPU.ActiveCfg = Debug|Any CPU
		{D300DDB5-393C-4C76-A4F8-5F7521599345}.Debug|Any CPU.Build.0 = Debug|Any CPU
		{D300DDB5-393C-4C76-A4F8-5F7521599345}.Release|Any CPU.ActiveCfg = Release|Any CPU
		{D300DDB5-393C-4C76-A4F8-5F7521599345}.Release|Any CPU.Build.0 = Release|Any CPU
		{D300DDB5-393C-4C76-A4F8-5F7521599345}.Default|Any CPU.ActiveCfg = Debug|Any CPU
		{D300DDB5-393C-4C76-A4F8-5F7521599345}.Default|Any CPU.Build.0 = Debug|Any CPU
		{1772CBB1-301C-430B-B5D3-9361124093D6}.Debug|Any CPU.ActiveCfg = Debug|Any CPU
		{1772CBB1-301C-430B-B5D3-9361124093D6}.Debug|Any CPU.Build.0 = Debug|Any CPU
		{1772CBB1-301C-430B-B5D3-9361124093D6}.Release|Any CPU.ActiveCfg = Release|Any CPU
		{1772CBB1-301C-430B-B5D3-9361124093D6}.Release|Any CPU.Build.0 = Release|Any CPU
		{1772CBB1-301C-430B-B5D3-9361124093D6}.Default|Any CPU.ActiveCfg = Debug|Any CPU
		{1772CBB1-301C-430B-B5D3-9361124093D6}.Default|Any CPU.Build.0 = Debug|Any CPU
		{FF61C373-835F-4160-8499-30324E8B9909}.Debug|Any CPU.ActiveCfg = Debug|Any CPU
		{FF61C373-835F-4160-8499-30324E8B9909}.Debug|Any CPU.Build.0 = Debug|Any CPU
		{FF61C373-835F-4160-8499-30324E8B9909}.Release|Any CPU.ActiveCfg = Release|Any CPU
		{FF61C373-835F-4160-8499-30324E8B9909}.Release|Any CPU.Build.0 = Release|Any CPU
		{FF61C373-835F-4160-8499-30324E8B9909}.Default|Any CPU.ActiveCfg = Debug|Any CPU
		{FF61C373-835F-4160-8499-30324E8B9909}.Default|Any CPU.Build.0 = Debug|Any CPU
		{3F664673-7E22-4486-9AD0-FC81861D0B78}.Debug|Any CPU.ActiveCfg = Debug|Any CPU
		{3F664673-7E22-4486-9AD0-FC81861D0B78}.Debug|Any CPU.Build.0 = Debug|Any CPU
		{3F664673-7E22-4486-9AD0-FC81861D0B78}.Release|Any CPU.ActiveCfg = Release|Any CPU
		{3F664673-7E22-4486-9AD0-FC81861D0B78}.Release|Any CPU.Build.0 = Release|Any CPU
		{3F664673-7E22-4486-9AD0-FC81861D0B78}.Default|Any CPU.ActiveCfg = Debug|Any CPU
		{3F664673-7E22-4486-9AD0-FC81861D0B78}.Default|Any CPU.Build.0 = Debug|Any CPU
		{0F7D5BD4-7970-412F-ABD7-0A098BB01ACE}.Debug|Any CPU.ActiveCfg = Debug|Any CPU
		{0F7D5BD4-7970-412F-ABD7-0A098BB01ACE}.Debug|Any CPU.Build.0 = Debug|Any CPU
		{0F7D5BD4-7970-412F-ABD7-0A098BB01ACE}.Release|Any CPU.ActiveCfg = Release|Any CPU
		{0F7D5BD4-7970-412F-ABD7-0A098BB01ACE}.Release|Any CPU.Build.0 = Release|Any CPU
		{0F7D5BD4-7970-412F-ABD7-0A098BB01ACE}.Default|Any CPU.ActiveCfg = Debug|Any CPU
		{0F7D5BD4-7970-412F-ABD7-0A098BB01ACE}.Default|Any CPU.Build.0 = Debug|Any CPU
		{6317262E-0B06-486B-AC1F-4494A708493D}.Debug|Any CPU.ActiveCfg = Debug|Any CPU
		{6317262E-0B06-486B-AC1F-4494A708493D}.Debug|Any CPU.Build.0 = Debug|Any CPU
		{6317262E-0B06-486B-AC1F-4494A708493D}.Release|Any CPU.ActiveCfg = Release|Any CPU
		{6317262E-0B06-486B-AC1F-4494A708493D}.Release|Any CPU.Build.0 = Release|Any CPU
		{6317262E-0B06-486B-AC1F-4494A708493D}.Default|Any CPU.ActiveCfg = Debug|Any CPU
		{6317262E-0B06-486B-AC1F-4494A708493D}.Default|Any CPU.Build.0 = Debug|Any CPU
		{B9872F0C-EE46-4981-A28E-B8A266F69755}.Debug|Any CPU.ActiveCfg = Debug|Any CPU
		{B9872F0C-EE46-4981-A28E-B8A266F69755}.Debug|Any CPU.Build.0 = Debug|Any CPU
		{B9872F0C-EE46-4981-A28E-B8A266F69755}.Release|Any CPU.ActiveCfg = Release|Any CPU
		{B9872F0C-EE46-4981-A28E-B8A266F69755}.Release|Any CPU.Build.0 = Release|Any CPU
		{B9872F0C-EE46-4981-A28E-B8A266F69755}.Default|Any CPU.ActiveCfg = Debug|Any CPU
		{B9872F0C-EE46-4981-A28E-B8A266F69755}.Default|Any CPU.Build.0 = Debug|Any CPU
	EndGlobalSection
	GlobalSection(MonoDevelopProperties) = preSolution
		Policies = $0
		$0.StandardHeader = $1
		$1.Text = @ \n ${FileName}\n \n Author:\n      ${AuthorName} <${AuthorEmail}>\n\n Copyright (c) ${Year} ${CopyrightHolder}\n\n This program is free software: you can redistribute it and/or modify\n it under the terms of the GNU General Public License as published by\n the Free Software Foundation, either version 3 of the License, or\n (at your option) any later version.\n\n This program is distributed in the hope that it will be useful,\n but WITHOUT ANY WARRANTY; without even the implied warranty of\n MERCHANTABILITY or FITNESS FOR A PARTICULAR PURPOSE.  See the\n GNU General Public License for more details.\n\n You should have received a copy of the GNU General Public License\n along with this program.  If not, see <http://www.gnu.org/licenses/>.
		$0.DotNetNamingPolicy = $2
		$2.DirectoryNamespaceAssociation = PrefixedHierarchical
		$0.TextStylePolicy = $3
		$3.FileWidth = 80
		$3.scope = text/plain
		$0.TextStylePolicy = $4
		$4.inheritsSet = null
		$4.scope = application/xml
		$0.XmlFormattingPolicy = $5
		$5.scope = application/xml
		$0.TextStylePolicy = $6
		$6.inheritsSet = null
		$6.scope = text/x-csharp
		$0.CSharpFormattingPolicy = $7
		$7.scope = text/x-csharp
		$0.TextStylePolicy = $8
		$8.inheritsSet = null
		$8.scope = application/x-asax
		$0.TextStylePolicy = $9
		$9.inheritsSet = null
		$9.scope = application/config+xml
		$0.XmlFormattingPolicy = $10
		$10.inheritsSet = null
		$10.scope = application/config+xml
		$0.TextStylePolicy = $11
		$11.inheritsSet = null
		$11.scope = application/x-aspx
	EndGlobalSection
	GlobalSection(NestedProjects) = preSolution
		{8D3211A6-B2D6-4A26-ABE3-5B57636A4196} = {8706C871-7066-4CE9-ACA9-07C4A6A9988D}
		{E9E869AB-D457-4031-8970-8BB66DF1392C} = {F6A278B7-72E3-43F3-B24D-5D86ADDFB147}
		{1D5668E8-4540-426B-922A-E3A739D16713} = {8706C871-7066-4CE9-ACA9-07C4A6A9988D}
		{DBEE1BAC-D658-420D-96D6-417523326650} = {48FC42D3-8E0D-4271-A848-833589A20B55}
		{2D4737E6-6D95-408A-90DB-8DFF38147E85} = {D06A60FA-2A64-4BE3-80AF-F75631E6CA5E}
		{3D0893DC-9961-4EAA-BF6C-604686068D09} = {8706C871-7066-4CE9-ACA9-07C4A6A9988D}
		{30467E5C-05BC-4856-AADC-13906EF4CADD} = {D06A60FA-2A64-4BE3-80AF-F75631E6CA5E}
		{00266B21-35C9-4A7F-A6BA-D54D7FDCC25C} = {D06A60FA-2A64-4BE3-80AF-F75631E6CA5E}
		{53D2CDA0-7CE3-4D80-90EC-30D8D15344BC} = {717C8229-D193-4316-9252-8CE944B6C882}
		{DBD65B3F-81C8-4E44-B268-3FAB3B12AA1E} = {D06A60FA-2A64-4BE3-80AF-F75631E6CA5E}
		{5743EE32-F3ED-4162-A0E3-B105503BF139} = {D06A60FA-2A64-4BE3-80AF-F75631E6CA5E}
		{D30649B8-EAF2-4D4D-968F-A7C65572F7FA} = {D06A60FA-2A64-4BE3-80AF-F75631E6CA5E}
		{99886629-32B3-46D3-9094-6445A33FCFA9} = {D06A60FA-2A64-4BE3-80AF-F75631E6CA5E}
		{C37BE4CF-CFB6-4A7B-8CAE-6EE21E37D2FD} = {D06A60FA-2A64-4BE3-80AF-F75631E6CA5E}
		{18492D58-0C92-4904-AAAB-58283C66150F} = {D06A60FA-2A64-4BE3-80AF-F75631E6CA5E}
		{8588928F-2868-4248-8993-533307A05C0C} = {8706C871-7066-4CE9-ACA9-07C4A6A9988D}
		{C9A3AE1D-0658-4A70-BC48-9D8DEF9C205B} = {8706C871-7066-4CE9-ACA9-07C4A6A9988D}
		{A4B8D6D8-3365-49FC-8123-58B3749A5427} = {8706C871-7066-4CE9-ACA9-07C4A6A9988D}
		{F6598243-00B2-445E-8B1A-CC0EC9003459} = {8706C871-7066-4CE9-ACA9-07C4A6A9988D}
		{395052E4-A438-4CDF-B143-61ABDB022996} = {F6A278B7-72E3-43F3-B24D-5D86ADDFB147}
		{871E84DD-5666-4261-8BAA-A6C637C36E9B} = {F6A278B7-72E3-43F3-B24D-5D86ADDFB147}
		{D300DDB5-393C-4C76-A4F8-5F7521599345} = {F6A278B7-72E3-43F3-B24D-5D86ADDFB147}
		{1772CBB1-301C-430B-B5D3-9361124093D6} = {F6A278B7-72E3-43F3-B24D-5D86ADDFB147}
		{FF61C373-835F-4160-8499-30324E8B9909} = {48FC42D3-8E0D-4271-A848-833589A20B55}
		{3F664673-7E22-4486-9AD0-FC81861D0B78} = {D06A60FA-2A64-4BE3-80AF-F75631E6CA5E}
		{0F7D5BD4-7970-412F-ABD7-0A098BB01ACE} = {D06A60FA-2A64-4BE3-80AF-F75631E6CA5E}
		{6317262E-0B06-486B-AC1F-4494A708493D} = {48FC42D3-8E0D-4271-A848-833589A20B55}
		{B9872F0C-EE46-4981-A28E-B8A266F69755} = {09B37CE6-6F9F-43B2-88B2-5AEE629852CA}
	EndGlobalSection
EndGlobal
